
Microsoft Visual Studio Solution File, Format Version 12.00
# Visual Studio 15
VisualStudioVersion = 15.0.27428.2037
MinimumVisualStudioVersion = 10.0.40219.1
Project("{FAE04EC0-301F-11D3-BF4B-00C04F79EFBC}") = "ShitTrumpSays", "ShitTrumpSays\ShitTrumpSays.csproj", "{B771012A-C4C2-40FF-939E-1ABB9EA04D09}"
EndProject
Global
	GlobalSection(SolutionConfigurationPlatforms) = preSolution
		Debug|Any CPU = Debug|Any CPU
		Release|Any CPU = Release|Any CPU
	EndGlobalSection
	GlobalSection(ProjectConfigurationPlatforms) = postSolution
		{B771012A-C4C2-40FF-939E-1ABB9EA04D09}.Debug|Any CPU.ActiveCfg = Debug|Any CPU
		{B771012A-C4C2-40FF-939E-1ABB9EA04D09}.Debug|Any CPU.Build.0 = Debug|Any CPU
		{B771012A-C4C2-40FF-939E-1ABB9EA04D09}.Release|Any CPU.ActiveCfg = Release|Any CPU
		{B771012A-C4C2-40FF-939E-1ABB9EA04D09}.Release|Any CPU.Build.0 = Release|Any CPU
	EndGlobalSection
	GlobalSection(SolutionProperties) = preSolution
		HideSolutionNode = FALSE
	EndGlobalSection
	GlobalSection(ExtensibilityGlobals) = postSolution
		SolutionGuid = {9DBC8292-4DD3-4EBA-8613-F75DA1A243E2}
	EndGlobalSection
EndGlobal
